Microsoft Visual Studio Solution File, Format Version 12.00
# Visual Studio Version 17
VisualStudioVersion = 17.5.2.0
MinimumVisualStudioVersion = 10.0.40219.1
Project("{FAE04EC0-301F-11D3-BF4B-00C04F79EFBC}") = "OtobusBiletiApp", "OtobusBiletiApp.csproj", "{D0935370-08B0-64BD-2BCA-29A74DD123EE}"
EndProject
Global
	GlobalSection(SolutionConfigurationPlatforms) = preSolution
		Debug|Any CPU = Debug|Any CPU
		Release|Any CPU = Release|Any CPU
	EndGlobalSection
	GlobalSection(ProjectConfigurationPlatforms) = postSolution
		{D0935370-08B0-64BD-2BCA-29A74DD123EE}.Debug|Any CPU.ActiveCfg = Debug|Any CPU
		{D0935370-08B0-64BD-2BCA-29A74DD123EE}.Debug|Any CPU.Build.0 = Debug|Any CPU
		{D0935370-08B0-64BD-2BCA-29A74DD123EE}.Release|Any CPU.ActiveCfg = Release|Any CPU
		{D0935370-08B0-64BD-2BCA-29A74DD123EE}.Release|Any CPU.Build.0 = Release|Any CPU
	EndGlobalSection
	GlobalSection(SolutionProperties) = preSolution
		HideSolutionNode = FALSE
	EndGlobalSection
	GlobalSection(ExtensibilityGlobals) = postSolution
		SolutionGuid = {32EA0846-73BE-4427-89D7-D9E02B3A9344}
	EndGlobalSection
EndGlobal
